<?xml version="1.0" encoding="utf-8"?>
<Project ToolsVersion="4.0" xmlns="http://schemas.microsoft.com/developer/msbuild/2003">
  <ItemGroup>
    <Filter Include="소스 파일">
      <UniqueIdentifier>{4FC737F1-C7A5-4376-A066-2A32D752A2FF}</UniqueIdentifier>
      <Extensions>cpp;c;cc;cxx;def;odl;idl;hpj;bat;asm;asmx</Extensions>
    </Filter>
    <Filter Include="헤더 파일">
      <UniqueIdentifier>{93995380-89BD-4b04-88EB-625FBE52EBFB}</UniqueIdentifier>
      <Extensions>h;hh;hpp;hxx;hm;inl;inc;xsd</Extensions>
    </Filter>
    <Filter Include="리소스 파일">
      <UniqueIdentifier>{67DA6AB6-F800-4c08-8B7A-83BB121AAD01}</UniqueIdentifier>
      <Extensions>rc;ico;cur;bmp;dlg;rc2;rct;bin;rgs;gif;jpg;jpeg;jpe;resx;tiff;tif;png;wav;mfcribbon-ms</Extensions>
    </Filter>
  </ItemGroup>
  <ItemGroup>
    <ClCompile Include="main.cpp">
      <Filter>소스 파일</Filter>
    </ClCompile>
    <ClCompile Include="server.cpp">
      <Filter>소스 파일</Filter>
    </ClCompile>
    <ClCompile Include="connectSQL.cpp">
      <Filter>소스 파일</Filter>
    </ClCompile>
    <ClCompile Include="TrainingDataParser.cpp">
      <Filter>소스 파일</Filter>
    </ClCompile>
    <ClCompile Include="Dyslexic.cpp">
      <Filter>소스 파일</Filter>
    </ClCompile>
    <ClCompile Include="GRT\ClassificationModules\AdaBoost\AdaBoost.cpp">
      <Filter>소스 파일</Filter>
    </ClCompile>
    <ClCompile Include="GRT\ClassificationModules\AdaBoost\WeakClassifiers\DecisionStump.cpp">
      <Filter>소스 파일</Filter>
    </ClCompile>
    <ClCompile Include="GRT\ClassificationModules\AdaBoost\WeakClassifiers\RadialBasisFunction.cpp">
      <Filter>소스 파일</Filter>
    </ClCompile>
    <ClCompile Include="GRT\ClassificationModules\AdaBoost\WeakClassifiers\WeakClassifier.cpp">
      <Filter>소스 파일</Filter>
    </ClCompile>
    <ClCompile Include="GRT\ClassificationModules\ANBC\ANBC.cpp">
      <Filter>소스 파일</Filter>
    </ClCompile>
    <ClCompile Include="GRT\ClassificationModules\ANBC\ANBC_Model.cpp">
      <Filter>소스 파일</Filter>
    </ClCompile>
    <ClCompile Include="GRT\ClassificationModules\BAG\BAG.cpp">
      <Filter>소스 파일</Filter>
    </ClCompile>
    <ClCompile Include="GRT\ClassificationModules\DecisionTree\DecisionTree.cpp">
      <Filter>소스 파일</Filter>
    </ClCompile>
    <ClCompile Include="GRT\ClassificationModules\DecisionTree\DecisionTreeClusterNode.cpp">
      <Filter>소스 파일</Filter>
    </ClCompile>
    <ClCompile Include="GRT\ClassificationModules\DecisionTree\DecisionTreeNode.cpp">
      <Filter>소스 파일</Filter>
    </ClCompile>
    <ClCompile Include="GRT\ClassificationModules\DecisionTree\DecisionTreeThresholdNode.cpp">
      <Filter>소스 파일</Filter>
    </ClCompile>
    <ClCompile Include="GRT\ClassificationModules\DecisionTree\DecisionTreeTripleFeatureNode.cpp">
      <Filter>소스 파일</Filter>
    </ClCompile>
    <ClCompile Include="GRT\ClassificationModules\DTW\DTW.cpp">
      <Filter>소스 파일</Filter>
    </ClCompile>
    <ClCompile Include="GRT\ClassificationModules\FiniteStateMachine\FiniteStateMachine.cpp">
      <Filter>소스 파일</Filter>
    </ClCompile>
    <ClCompile Include="GRT\ClassificationModules\GMM\GMM.cpp">
      <Filter>소스 파일</Filter>
    </ClCompile>
    <ClCompile Include="GRT\ClassificationModules\HMM\ContinuousHiddenMarkovModel.cpp">
      <Filter>소스 파일</Filter>
    </ClCompile>
    <ClCompile Include="GRT\ClassificationModules\HMM\DiscreteHiddenMarkovModel.cpp">
      <Filter>소스 파일</Filter>
    </ClCompile>
    <ClCompile Include="GRT\ClassificationModules\HMM\HMM.cpp">
      <Filter>소스 파일</Filter>
    </ClCompile>
    <ClCompile Include="GRT\ClassificationModules\KNN\KNN.cpp">
      <Filter>소스 파일</Filter>
    </ClCompile>
    <ClCompile Include="GRT\ClassificationModules\LDA\LDA.cpp">
      <Filter>소스 파일</Filter>
    </ClCompile>
    <ClCompile Include="GRT\ClassificationModules\MinDist\MinDist.cpp">
      <Filter>소스 파일</Filter>
    </ClCompile>
    <ClCompile Include="GRT\ClassificationModules\MinDist\MinDistModel.cpp">
      <Filter>소스 파일</Filter>
    </ClCompile>
    <ClCompile Include="GRT\ClassificationModules\ParticleClassifier\ParticleClassifier.cpp">
      <Filter>소스 파일</Filter>
    </ClCompile>
    <ClCompile Include="GRT\ClassificationModules\RandomForests\RandomForests.cpp">
      <Filter>소스 파일</Filter>
    </ClCompile>
    <ClCompile Include="GRT\ClassificationModules\Softmax\Softmax.cpp">
      <Filter>소스 파일</Filter>
    </ClCompile>
    <ClCompile Include="GRT\ClassificationModules\SVM\LIBSVM\libsvm.cpp">
      <Filter>소스 파일</Filter>
    </ClCompile>
    <ClCompile Include="GRT\ClassificationModules\SVM\SVM.cpp">
      <Filter>소스 파일</Filter>
    </ClCompile>
    <ClCompile Include="GRT\ClassificationModules\SwipeDetector\SwipeDetector.cpp">
      <Filter>소스 파일</Filter>
    </ClCompile>
    <ClCompile Include="GRT\ClusteringModules\ClusterTree\ClusterTree.cpp">
      <Filter>소스 파일</Filter>
    </ClCompile>
    <ClCompile Include="GRT\ClusteringModules\GaussianMixtureModels\GaussianMixtureModels.cpp">
      <Filter>소스 파일</Filter>
    </ClCompile>
    <ClCompile Include="GRT\ClusteringModules\HierarchicalClustering\HierarchicalClustering.cpp">
      <Filter>소스 파일</Filter>
    </ClCompile>
    <ClCompile Include="GRT\ClusteringModules\KMeans\KMeans.cpp">
      <Filter>소스 파일</Filter>
    </ClCompile>
    <ClCompile Include="GRT\ClusteringModules\SelfOrganizingMap\SelfOrganizingMap.cpp">
      <Filter>소스 파일</Filter>
    </ClCompile>
    <ClCompile Include="GRT\ContextModules\Gate.cpp">
      <Filter>소스 파일</Filter>
    </ClCompile>
    <ClCompile Include="GRT\CoreAlgorithms\BernoulliRBM\BernoulliRBM.cpp">
      <Filter>소스 파일</Filter>
    </ClCompile>
    <ClCompile Include="GRT\CoreAlgorithms\MovementDetector\MovementDetector.cpp">
      <Filter>소스 파일</Filter>
    </ClCompile>
    <ClCompile Include="GRT\CoreAlgorithms\PrincipalComponentAnalysis\PrincipalComponentAnalysis.cpp">
      <Filter>소스 파일</Filter>
    </ClCompile>
    <ClCompile Include="GRT\CoreAlgorithms\Tree\Node.cpp">
      <Filter>소스 파일</Filter>
    </ClCompile>
    <ClCompile Include="GRT\CoreAlgorithms\Tree\Tree.cpp">
      <Filter>소스 파일</Filter>
    </ClCompile>
    <ClCompile Include="GRT\CoreModules\Classifier.cpp">
      <Filter>소스 파일</Filter>
    </ClCompile>
    <ClCompile Include="GRT\CoreModules\Clusterer.cpp">
      <Filter>소스 파일</Filter>
    </ClCompile>
    <ClCompile Include="GRT\CoreModules\Context.cpp">
      <Filter>소스 파일</Filter>
    </ClCompile>
    <ClCompile Include="GRT\CoreModules\FeatureExtraction.cpp">
      <Filter>소스 파일</Filter>
    </ClCompile>
    <ClCompile Include="GRT\CoreModules\GestureRecognitionPipeline.cpp">
      <Filter>소스 파일</Filter>
    </ClCompile>
    <ClCompile Include="GRT\CoreModules\GRTBase.cpp">
      <Filter>소스 파일</Filter>
    </ClCompile>
    <ClCompile Include="GRT\CoreModules\MLBase.cpp">
      <Filter>소스 파일</Filter>
    </ClCompile>
    <ClCompile Include="GRT\CoreModules\PostProcessing.cpp">
      <Filter>소스 파일</Filter>
    </ClCompile>
    <ClCompile Include="GRT\CoreModules\PreProcessing.cpp">
      <Filter>소스 파일</Filter>
    </ClCompile>
    <ClCompile Include="GRT\CoreModules\Regressifier.cpp">
      <Filter>소스 파일</Filter>
    </ClCompile>
    <ClCompile Include="GRT\DataStructures\ClassificationData.cpp">
      <Filter>소스 파일</Filter>
    </ClCompile>
    <ClCompile Include="GRT\DataStructures\ClassificationSample.cpp">
      <Filter>소스 파일</Filter>
    </ClCompile>
    <ClCompile Include="GRT\DataStructures\RegressionData.cpp">
      <Filter>소스 파일</Filter>
    </ClCompile>
    <ClCompile Include="GRT\DataStructures\RegressionSample.cpp">
      <Filter>소스 파일</Filter>
    </ClCompile>
    <ClCompile Include="GRT\DataStructures\TimeSeriesClassificationData.cpp">
      <Filter>소스 파일</Filter>
    </ClCompile>
    <ClCompile Include="GRT\DataStructures\TimeSeriesClassificationDataStream.cpp">
      <Filter>소스 파일</Filter>
    </ClCompile>
    <ClCompile Include="GRT\DataStructures\TimeSeriesClassificationSample.cpp">
      <Filter>소스 파일</Filter>
    </ClCompile>
    <ClCompile Include="GRT\DataStructures\UnlabelledData.cpp">
      <Filter>소스 파일</Filter>
    </ClCompile>
    <ClCompile Include="GRT\FeatureExtractionModules\FFT\FastFourierTransform.cpp">
      <Filter>소스 파일</Filter>
    </ClCompile>
    <ClCompile Include="GRT\FeatureExtractionModules\FFT\FFT.cpp">
      <Filter>소스 파일</Filter>
    </ClCompile>
    <ClCompile Include="GRT\FeatureExtractionModules\FFT\FFTFeatures.cpp">
      <Filter>소스 파일</Filter>
    </ClCompile>
    <ClCompile Include="GRT\FeatureExtractionModules\KMeansFeatures\KMeansFeatures.cpp">
      <Filter>소스 파일</Filter>
    </ClCompile>
    <ClCompile Include="GRT\FeatureExtractionModules\KMeansQuantizer\KMeansQuantizer.cpp">
      <Filter>소스 파일</Filter>
    </ClCompile>
    <ClCompile Include="GRT\FeatureExtractionModules\MovementIndex\MovementIndex.cpp">
      <Filter>소스 파일</Filter>
    </ClCompile>
    <ClCompile Include="GRT\FeatureExtractionModules\MovementTrajectoryFeatures\MovementTrajectoryFeatures.cpp">
      <Filter>소스 파일</Filter>
    </ClCompile>
    <ClCompile Include="GRT\FeatureExtractionModules\RBMQuantizer\RBMQuantizer.cpp">
      <Filter>소스 파일</Filter>
    </ClCompile>
    <ClCompile Include="GRT\FeatureExtractionModules\SOMQuantizer\SOMQuantizer.cpp">
      <Filter>소스 파일</Filter>
    </ClCompile>
    <ClCompile Include="GRT\FeatureExtractionModules\TimeDomainFeatures\TimeDomainFeatures.cpp">
      <Filter>소스 파일</Filter>
    </ClCompile>
    <ClCompile Include="GRT\FeatureExtractionModules\TimeseriesBuffer\TimeseriesBuffer.cpp">
      <Filter>소스 파일</Filter>
    </ClCompile>
    <ClCompile Include="GRT\FeatureExtractionModules\ZeroCrossingCounter\ZeroCrossingCounter.cpp">
      <Filter>소스 파일</Filter>
    </ClCompile>
    <ClCompile Include="GRT\PostProcessingModules\ClassLabelChangeFilter.cpp">
      <Filter>소스 파일</Filter>
    </ClCompile>
    <ClCompile Include="GRT\PostProcessingModules\ClassLabelFilter.cpp">
      <Filter>소스 파일</Filter>
    </ClCompile>
    <ClCompile Include="GRT\PostProcessingModules\ClassLabelTimeoutFilter.cpp">
      <Filter>소스 파일</Filter>
    </ClCompile>
    <ClCompile Include="GRT\PreProcessingModules\DeadZone.cpp">
      <Filter>소스 파일</Filter>
    </ClCompile>
    <ClCompile Include="GRT\PreProcessingModules\Derivative.cpp">
      <Filter>소스 파일</Filter>
    </ClCompile>
    <ClCompile Include="GRT\PreProcessingModules\DoubleMovingAverageFilter.cpp">
      <Filter>소스 파일</Filter>
    </ClCompile>
    <ClCompile Include="GRT\PreProcessingModules\FIRFilter.cpp">
      <Filter>소스 파일</Filter>
    </ClCompile>
    <ClCompile Include="GRT\PreProcessingModules\HighPassFilter.cpp">
      <Filter>소스 파일</Filter>
    </ClCompile>
    <ClCompile Include="GRT\PreProcessingModules\LeakyIntegrator.cpp">
      <Filter>소스 파일</Filter>
    </ClCompile>
    <ClCompile Include="GRT\PreProcessingModules\LowPassFilter.cpp">
      <Filter>소스 파일</Filter>
    </ClCompile>
    <ClCompile Include="GRT\PreProcessingModules\MedianFilter.cpp">
      <Filter>소스 파일</Filter>
    </ClCompile>
    <ClCompile Include="GRT\PreProcessingModules\MovingAverageFilter.cpp">
      <Filter>소스 파일</Filter>
    </ClCompile>
    <ClCompile Include="GRT\PreProcessingModules\SavitzkyGolayFilter.cpp">
      <Filter>소스 파일</Filter>
    </ClCompile>
    <ClCompile Include="GRT\RegressionModules\ArtificialNeuralNetworks\MLP\MLP.cpp">
      <Filter>소스 파일</Filter>
    </ClCompile>
    <ClCompile Include="GRT\RegressionModules\ArtificialNeuralNetworks\MLP\Neuron.cpp">
      <Filter>소스 파일</Filter>
    </ClCompile>
    <ClCompile Include="GRT\RegressionModules\LinearRegression\LinearRegression.cpp">
      <Filter>소스 파일</Filter>
    </ClCompile>
    <ClCompile Include="GRT\RegressionModules\LogisticRegression\LogisticRegression.cpp">
      <Filter>소스 파일</Filter>
    </ClCompile>
    <ClCompile Include="GRT\RegressionModules\MultidimensionalRegression\MultidimensionalRegression.cpp">
      <Filter>소스 파일</Filter>
    </ClCompile>
    <ClCompile Include="GRT\RegressionModules\RegressionTree\RegressionTree.cpp">
      <Filter>소스 파일</Filter>
    </ClCompile>
    <ClCompile Include="GRT\Util\Cholesky.cpp">
      <Filter>소스 파일</Filter>
    </ClCompile>
    <ClCompile Include="GRT\Util\DebugLog.cpp">
      <Filter>소스 파일</Filter>
    </ClCompile>
    <ClCompile Include="GRT\Util\EigenvalueDecomposition.cpp">
      <Filter>소스 파일</Filter>
    </ClCompile>
    <ClCompile Include="GRT\Util\ErrorLog.cpp">
      <Filter>소스 파일</Filter>
    </ClCompile>
    <ClCompile Include="GRT\Util\InfoLog.cpp">
      <Filter>소스 파일</Filter>
    </ClCompile>
    <ClCompile Include="GRT\Util\LUDecomposition.cpp">
      <Filter>소스 파일</Filter>
    </ClCompile>
    <ClCompile Include="GRT\Util\MatrixDouble.cpp">
      <Filter>소스 파일</Filter>
    </ClCompile>
    <ClCompile Include="GRT\Util\PeakDetection.cpp">
      <Filter>소스 파일</Filter>
    </ClCompile>
    <ClCompile Include="GRT\Util\RangeTracker.cpp">
      <Filter>소스 파일</Filter>
    </ClCompile>
    <ClCompile Include="GRT\Util\SVD.cpp">
      <Filter>소스 파일</Filter>
    </ClCompile>
    <ClCompile Include="GRT\Util\TestingLog.cpp">
      <Filter>소스 파일</Filter>
    </ClCompile>
    <ClCompile Include="GRT\Util\ThreadPool.cpp">
      <Filter>소스 파일</Filter>
    </ClCompile>
    <ClCompile Include="GRT\Util\ThresholdCrossingDetector.cpp">
      <Filter>소스 파일</Filter>
    </ClCompile>
    <ClCompile Include="GRT\Util\TimeSeriesClassificationSampleTrimmer.cpp">
      <Filter>소스 파일</Filter>
    </ClCompile>
    <ClCompile Include="GRT\Util\TrainingDataRecordingTimer.cpp">
      <Filter>소스 파일</Filter>
    </ClCompile>
    <ClCompile Include="GRT\Util\TrainingLog.cpp">
      <Filter>소스 파일</Filter>
    </ClCompile>
    <ClCompile Include="GRT\Util\Util.cpp">
      <Filter>소스 파일</Filter>
    </ClCompile>
    <ClCompile Include="GRT\Util\WarningLog.cpp">
      <Filter>소스 파일</Filter>
    </ClCompile>
  </ItemGroup>
  <ItemGroup>
    <ClInclude Include="global.h">
      <Filter>헤더 파일</Filter>
    </ClInclude>
    <ClInclude Include="server.h">
      <Filter>헤더 파일</Filter>
    </ClInclude>
    <ClInclude Include="connectSQL.h">
      <Filter>헤더 파일</Filter>
    </ClInclude>
    <ClInclude Include="TrainingDataParser.h">
      <Filter>헤더 파일</Filter>
    </ClInclude>
    <ClInclude Include="Dyslexic.h">
      <Filter>헤더 파일</Filter>
    </ClInclude>
    <ClInclude Include="GRT\ClassificationModules\AdaBoost\AdaBoost.h">
      <Filter>헤더 파일</Filter>
    </ClInclude>
    <ClInclude Include="GRT\ClassificationModules\AdaBoost\AdaBoostClassModel.h">
      <Filter>헤더 파일</Filter>
    </ClInclude>
    <ClInclude Include="GRT\ClassificationModules\AdaBoost\WeakClassifiers\DecisionStump.h">
      <Filter>헤더 파일</Filter>
    </ClInclude>
    <ClInclude Include="GRT\ClassificationModules\AdaBoost\WeakClassifiers\RadialBasisFunction.h">
      <Filter>헤더 파일</Filter>
    </ClInclude>
    <ClInclude Include="GRT\ClassificationModules\AdaBoost\WeakClassifiers\WeakClassifier.h">
      <Filter>헤더 파일</Filter>
    </ClInclude>
    <ClInclude Include="GRT\ClassificationModules\ANBC\ANBC.h">
      <Filter>헤더 파일</Filter>
    </ClInclude>
    <ClInclude Include="GRT\ClassificationModules\ANBC\ANBC_Model.h">
      <Filter>헤더 파일</Filter>
    </ClInclude>
    <ClInclude Include="GRT\ClassificationModules\BAG\BAG.h">
      <Filter>헤더 파일</Filter>
    </ClInclude>
    <ClInclude Include="GRT\ClassificationModules\DecisionTree\DecisionTree.h">
      <Filter>헤더 파일</Filter>
    </ClInclude>
    <ClInclude Include="GRT\ClassificationModules\DecisionTree\DecisionTreeClusterNode.h">
      <Filter>헤더 파일</Filter>
    </ClInclude>
    <ClInclude Include="GRT\ClassificationModules\DecisionTree\DecisionTreeNode.h">
      <Filter>헤더 파일</Filter>
    </ClInclude>
    <ClInclude Include="GRT\ClassificationModules\DecisionTree\DecisionTreeThresholdNode.h">
      <Filter>헤더 파일</Filter>
    </ClInclude>
    <ClInclude Include="GRT\ClassificationModules\DecisionTree\DecisionTreeTripleFeatureNode.h">
      <Filter>헤더 파일</Filter>
    </ClInclude>
    <ClInclude Include="GRT\ClassificationModules\DTW\DTW.h">
      <Filter>헤더 파일</Filter>
    </ClInclude>
    <ClInclude Include="GRT\ClassificationModules\FiniteStateMachine\FiniteStateMachine.h">
      <Filter>헤더 파일</Filter>
    </ClInclude>
    <ClInclude Include="GRT\ClassificationModules\FiniteStateMachine\FSMParticle.h">
      <Filter>헤더 파일</Filter>
    </ClInclude>
    <ClInclude Include="GRT\ClassificationModules\FiniteStateMachine\FSMParticleFilter.h">
      <Filter>헤더 파일</Filter>
    </ClInclude>
    <ClInclude Include="GRT\ClassificationModules\GMM\GMM.h">
      <Filter>헤더 파일</Filter>
    </ClInclude>
    <ClInclude Include="GRT\ClassificationModules\GMM\MixtureModel.h">
      <Filter>헤더 파일</Filter>
    </ClInclude>
    <ClInclude Include="GRT\ClassificationModules\HMM\ContinuousHiddenMarkovModel.h">
      <Filter>헤더 파일</Filter>
    </ClInclude>
    <ClInclude Include="GRT\ClassificationModules\HMM\DiscreteHiddenMarkovModel.h">
      <Filter>헤더 파일</Filter>
    </ClInclude>
    <ClInclude Include="GRT\ClassificationModules\HMM\HMM.h">
      <Filter>헤더 파일</Filter>
    </ClInclude>
    <ClInclude Include="GRT\ClassificationModules\HMM\HMMEnums.h">
      <Filter>헤더 파일</Filter>
    </ClInclude>
    <ClInclude Include="GRT\ClassificationModules\KNN\KNN.h">
      <Filter>헤더 파일</Filter>
    </ClInclude>
    <ClInclude Include="GRT\ClassificationModules\LDA\LDA.h">
      <Filter>헤더 파일</Filter>
    </ClInclude>
    <ClInclude Include="GRT\ClassificationModules\MinDist\MinDist.h">
      <Filter>헤더 파일</Filter>
    </ClInclude>
    <ClInclude Include="GRT\ClassificationModules\MinDist\MinDistModel.h">
      <Filter>헤더 파일</Filter>
    </ClInclude>
    <ClInclude Include="GRT\ClassificationModules\ParticleClassifier\ParticleClassifier.h">
      <Filter>헤더 파일</Filter>
    </ClInclude>
    <ClInclude Include="GRT\ClassificationModules\ParticleClassifier\ParticleClassifierParticleFilter.h">
      <Filter>헤더 파일</Filter>
    </ClInclude>
    <ClInclude Include="GRT\ClassificationModules\RandomForests\RandomForests.h">
      <Filter>헤더 파일</Filter>
    </ClInclude>
    <ClInclude Include="GRT\ClassificationModules\Softmax\Softmax.h">
      <Filter>헤더 파일</Filter>
    </ClInclude>
    <ClInclude Include="GRT\ClassificationModules\Softmax\SoftmaxModel.h">
      <Filter>헤더 파일</Filter>
    </ClInclude>
    <ClInclude Include="GRT\ClassificationModules\SVM\LIBSVM\libsvm.h">
      <Filter>헤더 파일</Filter>
    </ClInclude>
    <ClInclude Include="GRT\ClassificationModules\SVM\SVM.h">
      <Filter>헤더 파일</Filter>
    </ClInclude>
    <ClInclude Include="GRT\ClassificationModules\SwipeDetector\SwipeDetector.h">
      <Filter>헤더 파일</Filter>
    </ClInclude>
    <ClInclude Include="GRT\ClusteringModules\ClusterTree\ClusterTree.h">
      <Filter>헤더 파일</Filter>
    </ClInclude>
    <ClInclude Include="GRT\ClusteringModules\ClusterTree\ClusterTreeNode.h">
      <Filter>헤더 파일</Filter>
    </ClInclude>
    <ClInclude Include="GRT\ClusteringModules\GaussianMixtureModels\GaussianMixtureModels.h">
      <Filter>헤더 파일</Filter>
    </ClInclude>
    <ClInclude Include="GRT\ClusteringModules\HierarchicalClustering\HierarchicalClustering.h">
      <Filter>헤더 파일</Filter>
    </ClInclude>
    <ClInclude Include="GRT\ClusteringModules\KMeans\KMeans.h">
      <Filter>헤더 파일</Filter>
    </ClInclude>
    <ClInclude Include="GRT\ClusteringModules\SelfOrganizingMap\SelfOrganizingMap.h">
      <Filter>헤더 파일</Filter>
    </ClInclude>
    <ClInclude Include="GRT\ContextModules\Gate.h">
      <Filter>헤더 파일</Filter>
    </ClInclude>
    <ClInclude Include="GRT\CoreAlgorithms\BernoulliRBM\BernoulliRBM.h">
      <Filter>헤더 파일</Filter>
    </ClInclude>
    <ClInclude Include="GRT\CoreAlgorithms\EvolutionaryAlgorithm\EvolutionaryAlgorithm.h">
      <Filter>헤더 파일</Filter>
    </ClInclude>
    <ClInclude Include="GRT\CoreAlgorithms\EvolutionaryAlgorithm\Individual.h">
      <Filter>헤더 파일</Filter>
    </ClInclude>
    <ClInclude Include="GRT\CoreAlgorithms\GridSearch\GridSearch.h">
      <Filter>헤더 파일</Filter>
    </ClInclude>
    <ClInclude Include="GRT\CoreAlgorithms\LeastSquares\LinearLeastSquares.h">
      <Filter>헤더 파일</Filter>
    </ClInclude>
    <ClInclude Include="GRT\CoreAlgorithms\MeanShift\MeanShift.h">
      <Filter>헤더 파일</Filter>
    </ClInclude>
    <ClInclude Include="GRT\CoreAlgorithms\MovementDetector\MovementDetector.h">
      <Filter>헤더 파일</Filter>
    </ClInclude>
    <ClInclude Include="GRT\CoreAlgorithms\ParticleFilter\Particle.h">
      <Filter>헤더 파일</Filter>
    </ClInclude>
    <ClInclude Include="GRT\CoreAlgorithms\ParticleFilter\ParticleFilter.h">
      <Filter>헤더 파일</Filter>
    </ClInclude>
    <ClInclude Include="GRT\CoreAlgorithms\ParticleSwarmOptimization\ParticleSwarmOptimization.h">
      <Filter>헤더 파일</Filter>
    </ClInclude>
    <ClInclude Include="GRT\CoreAlgorithms\ParticleSwarmOptimization\PSOParticle.h">
      <Filter>헤더 파일</Filter>
    </ClInclude>
    <ClInclude Include="GRT\CoreAlgorithms\PrincipalComponentAnalysis\PrincipalComponentAnalysis.h">
      <Filter>헤더 파일</Filter>
    </ClInclude>
    <ClInclude Include="GRT\CoreAlgorithms\Tree\Node.h">
      <Filter>헤더 파일</Filter>
    </ClInclude>
    <ClInclude Include="GRT\CoreAlgorithms\Tree\Tree.h">
      <Filter>헤더 파일</Filter>
    </ClInclude>
    <ClInclude Include="GRT\CoreModules\Classifier.h">
      <Filter>헤더 파일</Filter>
    </ClInclude>
    <ClInclude Include="GRT\CoreModules\Clusterer.h">
      <Filter>헤더 파일</Filter>
    </ClInclude>
    <ClInclude Include="GRT\CoreModules\Context.h">
      <Filter>헤더 파일</Filter>
    </ClInclude>
    <ClInclude Include="GRT\CoreModules\FeatureExtraction.h">
      <Filter>헤더 파일</Filter>
    </ClInclude>
    <ClInclude Include="GRT\CoreModules\GestureRecognitionPipeline.h">
      <Filter>헤더 파일</Filter>
    </ClInclude>
    <ClInclude Include="GRT\CoreModules\GRTBase.h">
      <Filter>헤더 파일</Filter>
    </ClInclude>
    <ClInclude Include="GRT\CoreModules\MLBase.h">
      <Filter>헤더 파일</Filter>
    </ClInclude>
    <ClInclude Include="GRT\CoreModules\PostProcessing.h">
      <Filter>헤더 파일</Filter>
    </ClInclude>
    <ClInclude Include="GRT\CoreModules\PreProcessing.h">
      <Filter>헤더 파일</Filter>
    </ClInclude>
    <ClInclude Include="GRT\CoreModules\Regressifier.h">
      <Filter>헤더 파일</Filter>
    </ClInclude>
    <ClInclude Include="GRT\DataStructures\ClassificationData.h">
      <Filter>헤더 파일</Filter>
    </ClInclude>
    <ClInclude Include="GRT\DataStructures\ClassificationSample.h">
      <Filter>헤더 파일</Filter>
    </ClInclude>
    <ClInclude Include="GRT\DataStructures\RegressionData.h">
      <Filter>헤더 파일</Filter>
    </ClInclude>
    <ClInclude Include="GRT\DataStructures\RegressionSample.h">
      <Filter>헤더 파일</Filter>
    </ClInclude>
    <ClInclude Include="GRT\DataStructures\TimeSeriesClassificationData.h">
      <Filter>헤더 파일</Filter>
    </ClInclude>
    <ClInclude Include="GRT\DataStructures\TimeSeriesClassificationDataStream.h">
      <Filter>헤더 파일</Filter>
    </ClInclude>
    <ClInclude Include="GRT\DataStructures\TimeSeriesClassificationSample.h">
      <Filter>헤더 파일</Filter>
    </ClInclude>
    <ClInclude Include="GRT\DataStructures\TimeSeriesPositionTracker.h">
      <Filter>헤더 파일</Filter>
    </ClInclude>
    <ClInclude Include="GRT\DataStructures\UnlabelledData.h">
      <Filter>헤더 파일</Filter>
    </ClInclude>
    <ClInclude Include="GRT\FeatureExtractionModules\FFT\FastFourierTransform.h">
      <Filter>헤더 파일</Filter>
    </ClInclude>
    <ClInclude Include="GRT\FeatureExtractionModules\FFT\FFT.h">
      <Filter>헤더 파일</Filter>
    </ClInclude>
    <ClInclude Include="GRT\FeatureExtractionModules\FFT\FFTFeatures.h">
      <Filter>헤더 파일</Filter>
    </ClInclude>
    <ClInclude Include="GRT\FeatureExtractionModules\KMeansFeatures\KMeansFeatures.h">
      <Filter>헤더 파일</Filter>
    </ClInclude>
    <ClInclude Include="GRT\FeatureExtractionModules\KMeansQuantizer\KMeansQuantizer.h">
      <Filter>헤더 파일</Filter>
    </ClInclude>
    <ClInclude Include="GRT\FeatureExtractionModules\MovementIndex\MovementIndex.h">
      <Filter>헤더 파일</Filter>
    </ClInclude>
    <ClInclude Include="GRT\FeatureExtractionModules\MovementTrajectoryFeatures\MovementTrajectoryFeatures.h">
      <Filter>헤더 파일</Filter>
    </ClInclude>
    <ClInclude Include="GRT\FeatureExtractionModules\RBMQuantizer\RBMQuantizer.h">
      <Filter>헤더 파일</Filter>
    </ClInclude>
    <ClInclude Include="GRT\FeatureExtractionModules\SOMQuantizer\SOMQuantizer.h">
      <Filter>헤더 파일</Filter>
    </ClInclude>
    <ClInclude Include="GRT\FeatureExtractionModules\TimeDomainFeatures\TimeDomainFeatures.h">
      <Filter>헤더 파일</Filter>
    </ClInclude>
    <ClInclude Include="GRT\FeatureExtractionModules\TimeseriesBuffer\TimeseriesBuffer.h">
      <Filter>헤더 파일</Filter>
    </ClInclude>
    <ClInclude Include="GRT\FeatureExtractionModules\ZeroCrossingCounter\ZeroCrossingCounter.h">
      <Filter>헤더 파일</Filter>
    </ClInclude>
    <ClInclude Include="GRT\GRT.h">
      <Filter>헤더 파일</Filter>
    </ClInclude>
    <ClInclude Include="GRT\PostProcessingModules\ClassLabelChangeFilter.h">
      <Filter>헤더 파일</Filter>
    </ClInclude>
    <ClInclude Include="GRT\PostProcessingModules\ClassLabelFilter.h">
      <Filter>헤더 파일</Filter>
    </ClInclude>
    <ClInclude Include="GRT\PostProcessingModules\ClassLabelTimeoutFilter.h">
      <Filter>헤더 파일</Filter>
    </ClInclude>
    <ClInclude Include="GRT\PreProcessingModules\DeadZone.h">
      <Filter>헤더 파일</Filter>
    </ClInclude>
    <ClInclude Include="GRT\PreProcessingModules\Derivative.h">
      <Filter>헤더 파일</Filter>
    </ClInclude>
    <ClInclude Include="GRT\PreProcessingModules\DoubleMovingAverageFilter.h">
      <Filter>헤더 파일</Filter>
    </ClInclude>
    <ClInclude Include="GRT\PreProcessingModules\FIRFilter.h">
      <Filter>헤더 파일</Filter>
    </ClInclude>
    <ClInclude Include="GRT\PreProcessingModules\HighPassFilter.h">
      <Filter>헤더 파일</Filter>
    </ClInclude>
    <ClInclude Include="GRT\PreProcessingModules\LeakyIntegrator.h">
      <Filter>헤더 파일</Filter>
    </ClInclude>
    <ClInclude Include="GRT\PreProcessingModules\LowPassFilter.h">
      <Filter>헤더 파일</Filter>
    </ClInclude>
    <ClInclude Include="GRT\PreProcessingModules\MedianFilter.h">
      <Filter>헤더 파일</Filter>
    </ClInclude>
    <ClInclude Include="GRT\PreProcessingModules\MovingAverageFilter.h">
      <Filter>헤더 파일</Filter>
    </ClInclude>
    <ClInclude Include="GRT\PreProcessingModules\SavitzkyGolayFilter.h">
      <Filter>헤더 파일</Filter>
    </ClInclude>
    <ClInclude Include="GRT\RegressionModules\ArtificialNeuralNetworks\MLP\MLP.h">
      <Filter>헤더 파일</Filter>
    </ClInclude>
    <ClInclude Include="GRT\RegressionModules\ArtificialNeuralNetworks\MLP\Neuron.h">
      <Filter>헤더 파일</Filter>
    </ClInclude>
    <ClInclude Include="GRT\RegressionModules\LinearRegression\LinearRegression.h">
      <Filter>헤더 파일</Filter>
    </ClInclude>
    <ClInclude Include="GRT\RegressionModules\LogisticRegression\LogisticRegression.h">
      <Filter>헤더 파일</Filter>
    </ClInclude>
    <ClInclude Include="GRT\RegressionModules\MultidimensionalRegression\MultidimensionalRegression.h">
      <Filter>헤더 파일</Filter>
    </ClInclude>
    <ClInclude Include="GRT\RegressionModules\RegressionTree\RegressionTree.h">
      <Filter>헤더 파일</Filter>
    </ClInclude>
    <ClInclude Include="GRT\RegressionModules\RegressionTree\RegressionTreeNode.h">
      <Filter>헤더 파일</Filter>
    </ClInclude>
    <ClInclude Include="GRT\Util\Cholesky.h">
      <Filter>헤더 파일</Filter>
    </ClInclude>
    <ClInclude Include="GRT\Util\CircularBuffer.h">
      <Filter>헤더 파일</Filter>
    </ClInclude>
    <ClInclude Include="GRT\Util\ClassificationResult.h">
      <Filter>헤더 파일</Filter>
    </ClInclude>
    <ClInclude Include="GRT\Util\ClassTracker.h">
      <Filter>헤더 파일</Filter>
    </ClInclude>
    <ClInclude Include="GRT\Util\CommandLineParser.h">
      <Filter>헤더 파일</Filter>
    </ClInclude>
    <ClInclude Include="GRT\Util\DebugLog.h">
      <Filter>헤더 파일</Filter>
    </ClInclude>
    <ClInclude Include="GRT\Util\EigenvalueDecomposition.h">
      <Filter>헤더 파일</Filter>
    </ClInclude>
    <ClInclude Include="GRT\Util\ErrorLog.h">
      <Filter>헤더 파일</Filter>
    </ClInclude>
    <ClInclude Include="GRT\Util\FileParser.h">
      <Filter>헤더 파일</Filter>
    </ClInclude>
    <ClInclude Include="GRT\Util\GRTCommon.h">
      <Filter>헤더 파일</Filter>
    </ClInclude>
    <ClInclude Include="GRT\Util\GRTException.h">
      <Filter>헤더 파일</Filter>
    </ClInclude>
    <ClInclude Include="GRT\Util\GRTTypedefs.h">
      <Filter>헤더 파일</Filter>
    </ClInclude>
    <ClInclude Include="GRT\Util\GRTVersionInfo.h">
      <Filter>헤더 파일</Filter>
    </ClInclude>
    <ClInclude Include="GRT\Util\IndexedDouble.h">
      <Filter>헤더 파일</Filter>
    </ClInclude>
    <ClInclude Include="GRT\Util\InfoLog.h">
      <Filter>헤더 파일</Filter>
    </ClInclude>
    <ClInclude Include="GRT\Util\Log.h">
      <Filter>헤더 파일</Filter>
    </ClInclude>
    <ClInclude Include="GRT\Util\LUDecomposition.h">
      <Filter>헤더 파일</Filter>
    </ClInclude>
    <ClInclude Include="GRT\Util\Matrix.h">
      <Filter>헤더 파일</Filter>
    </ClInclude>
    <ClInclude Include="GRT\Util\MatrixDouble.h">
      <Filter>헤더 파일</Filter>
    </ClInclude>
    <ClInclude Include="GRT\Util\MinMax.h">
      <Filter>헤더 파일</Filter>
    </ClInclude>
    <ClInclude Include="GRT\Util\Observer.h">
      <Filter>헤더 파일</Filter>
    </ClInclude>
    <ClInclude Include="GRT\Util\ObserverManager.h">
      <Filter>헤더 파일</Filter>
    </ClInclude>
    <ClInclude Include="GRT\Util\PeakDetection.h">
      <Filter>헤더 파일</Filter>
    </ClInclude>
    <ClInclude Include="GRT\Util\Random.h">
      <Filter>헤더 파일</Filter>
    </ClInclude>
    <ClInclude Include="GRT\Util\RangeTracker.h">
      <Filter>헤더 파일</Filter>
    </ClInclude>
    <ClInclude Include="GRT\Util\SVD.h">
      <Filter>헤더 파일</Filter>
    </ClInclude>
    <ClInclude Include="GRT\Util\TestingLog.h">
      <Filter>헤더 파일</Filter>
    </ClInclude>
    <ClInclude Include="GRT\Util\TestInstanceResult.h">
      <Filter>헤더 파일</Filter>
    </ClInclude>
    <ClInclude Include="GRT\Util\TestResult.h">
      <Filter>헤더 파일</Filter>
    </ClInclude>
    <ClInclude Include="GRT\Util\ThreadPool.h">
      <Filter>헤더 파일</Filter>
    </ClInclude>
    <ClInclude Include="GRT\Util\ThresholdCrossingDetector.h">
      <Filter>헤더 파일</Filter>
    </ClInclude>
    <ClInclude Include="GRT\Util\Timer.h">
      <Filter>헤더 파일</Filter>
    </ClInclude>
    <ClInclude Include="GRT\Util\TimeSeriesClassificationSampleTrimmer.h">
      <Filter>헤더 파일</Filter>
    </ClInclude>
    <ClInclude Include="GRT\Util\TimeStamp.h">
      <Filter>헤더 파일</Filter>
    </ClInclude>
    <ClInclude Include="GRT\Util\TrainingDataRecordingTimer.h">
      <Filter>헤더 파일</Filter>
    </ClInclude>
    <ClInclude Include="GRT\Util\TrainingLog.h">
      <Filter>헤더 파일</Filter>
    </ClInclude>
    <ClInclude Include="GRT\Util\TrainingResult.h">
      <Filter>헤더 파일</Filter>
    </ClInclude>
    <ClInclude Include="GRT\Util\Util.h">
      <Filter>헤더 파일</Filter>
    </ClInclude>
    <ClInclude Include="GRT\Util\WarningLog.h">
      <Filter>헤더 파일</Filter>
    </ClInclude>
  </ItemGroup>
  <ItemGroup>
    <None Include="ClassDiagram.cd" />
  </ItemGroup>
</Project>